
Microsoft Visual Studio Solution File, Format Version 12.00
# Visual Studio Version 17
VisualStudioVersion = 17.12.35527.113
MinimumVisualStudioVersion = 10.0.40219.1
Project("{2150E333-8FDC-42A3-9474-1A3956D46DE8}") = "Services", "Services", "{150CDE70-1FCB-45D6-828F-1AB1AC161B14}"
EndProject
Project("{2150E333-8FDC-42A3-9474-1A3956D46DE8}") = "Catalog", "Catalog", "{940D5B46-5A93-44BC-A3F1-45C6F9544992}"
EndProject
Project("{FAE04EC0-301F-11D3-BF4B-00C04F79EFBC}") = "Catalog.API", "Service\Catalog\Catalog.API\Catalog.API.csproj", "{A8A83E95-AFCE-4412-B0B5-C4F4BE0E0627}"
EndProject
Project("{2150E333-8FDC-42A3-9474-1A3956D46DE8}") = "SharedKernel", "SharedKernel", "{336ECF3D-0438-4046-89D0-0D775F5E9161}"
EndProject
Project("{FAE04EC0-301F-11D3-BF4B-00C04F79EFBC}") = "Kernel", "SharedKernel\Kernel\Kernel.csproj", "{693F59A0-06A4-46DD-B0D3-F7F01272B7AB}"
EndProject
Global
	GlobalSection(SolutionConfigurationPlatforms) = preSolution
		Debug|Any CPU = Debug|Any CPU
		Release|Any CPU = Release|Any CPU
	EndGlobalSection
	GlobalSection(ProjectConfigurationPlatforms) = postSolution
		{A8A83E95-AFCE-4412-B0B5-C4F4BE0E0627}.Debug|Any CPU.ActiveCfg = Debug|Any CPU
		{A8A83E95-AFCE-4412-B0B5-C4F4BE0E0627}.Debug|Any CPU.Build.0 = Debug|Any CPU
		{A8A83E95-AFCE-4412-B0B5-C4F4BE0E0627}.Release|Any CPU.ActiveCfg = Release|Any CPU
		{A8A83E95-AFCE-4412-B0B5-C4F4BE0E0627}.Release|Any CPU.Build.0 = Release|Any CPU
		{693F59A0-06A4-46DD-B0D3-F7F01272B7AB}.Debug|Any CPU.ActiveCfg = Debug|Any CPU
		{693F59A0-06A4-46DD-B0D3-F7F01272B7AB}.Debug|Any CPU.Build.0 = Debug|Any CPU
		{693F59A0-06A4-46DD-B0D3-F7F01272B7AB}.Release|Any CPU.ActiveCfg = Release|Any CPU
		{693F59A0-06A4-46DD-B0D3-F7F01272B7AB}.Release|Any CPU.Build.0 = Release|Any CPU
	EndGlobalSection
	GlobalSection(SolutionProperties) = preSolution
		HideSolutionNode = FALSE
	EndGlobalSection
	GlobalSection(NestedProjects) = preSolution
		{940D5B46-5A93-44BC-A3F1-45C6F9544992} = {150CDE70-1FCB-45D6-828F-1AB1AC161B14}
		{A8A83E95-AFCE-4412-B0B5-C4F4BE0E0627} = {940D5B46-5A93-44BC-A3F1-45C6F9544992}
		{693F59A0-06A4-46DD-B0D3-F7F01272B7AB} = {336ECF3D-0438-4046-89D0-0D775F5E9161}
	EndGlobalSection
EndGlobal
