
Microsoft Visual Studio Solution File, Format Version 12.00
# Visual Studio Version 17
VisualStudioVersion = 17.12.35527.113
MinimumVisualStudioVersion = 10.0.40219.1
Project("{2150E333-8FDC-42A3-9474-1A3956D46DE8}") = "Services", "Services", "{150CDE70-1FCB-45D6-828F-1AB1AC161B14}"
EndProject
Project("{2150E333-8FDC-42A3-9474-1A3956D46DE8}") = "Catalog", "Catalog", "{940D5B46-5A93-44BC-A3F1-45C6F9544992}"
EndProject
Project("{FAE04EC0-301F-11D3-BF4B-00C04F79EFBC}") = "Catalog.API", "Service\Catalog\Catalog.API\Catalog.API.csproj", "{A8A83E95-AFCE-4412-B0B5-C4F4BE0E0627}"
EndProject
Project("{2150E333-8FDC-42A3-9474-1A3956D46DE8}") = "SharedKernel", "SharedKernel", "{336ECF3D-0438-4046-89D0-0D775F5E9161}"
EndProject
Project("{FAE04EC0-301F-11D3-BF4B-00C04F79EFBC}") = "Kernel", "SharedKernel\Kernel\Kernel.csproj", "{693F59A0-06A4-46DD-B0D3-F7F01272B7AB}"
EndProject
Project("{E53339B2-1760-4266-BCC7-CA923CBCF16C}") = "docker-compose", "docker-compose.dcproj", "{22CF3D32-1C6E-4279-9483-DD5E9394DA7D}"
EndProject
Project("{2150E333-8FDC-42A3-9474-1A3956D46DE8}") = "Basket", "Basket", "{345285EE-1636-4CE6-B4DB-5EBB76589C53}"
EndProject
Project("{FAE04EC0-301F-11D3-BF4B-00C04F79EFBC}") = "Basket.API", "Service\Basket\Basket.API\Basket.API.csproj", "{81A1D870-EB28-4198-9435-4A10A5AE0727}"
EndProject
Project("{2150E333-8FDC-42A3-9474-1A3956D46DE8}") = "Discount", "Discount", "{2830076C-EB9C-4BE2-91A0-448B864F4E04}"
EndProject
Project("{FAE04EC0-301F-11D3-BF4B-00C04F79EFBC}") = "Discount.GRPC", "Service\Discount\Discount.GRPC\Discount.GRPC.csproj", "{F5EBFFBD-7226-49C2-9CEE-B28238BF1816}"
EndProject
Project("{2150E333-8FDC-42A3-9474-1A3956D46DE8}") = "Ordering", "Ordering", "{0E35708A-DD66-489D-808F-A5A32DE626CD}"
EndProject
Project("{FAE04EC0-301F-11D3-BF4B-00C04F79EFBC}") = "Order.API", "Service\Ordering\Order.API\Order.API.csproj", "{A79230AC-EF4E-40B6-A7E9-CA9F22A32826}"
EndProject
Project("{FAE04EC0-301F-11D3-BF4B-00C04F79EFBC}") = "Order.Domain", "..\Order.Domain\Order.Domain.csproj", "{69C25721-F5B7-4E8C-AF2D-C62FCC0287B4}"
EndProject
Project("{FAE04EC0-301F-11D3-BF4B-00C04F79EFBC}") = "Order.Application", "..\Order.Application\Order.Application.csproj", "{F59D436A-164A-403A-88C6-998B08C67EA8}"
EndProject
Project("{FAE04EC0-301F-11D3-BF4B-00C04F79EFBC}") = "Order.Infra", "..\Order.Infra\Order.Infra.csproj", "{2ED60561-07AA-4AB0-8C88-AB35FD88E98E}"
EndProject
Global
	GlobalSection(SolutionConfigurationPlatforms) = preSolution
		Debug|Any CPU = Debug|Any CPU
		Release|Any CPU = Release|Any CPU
	EndGlobalSection
	GlobalSection(ProjectConfigurationPlatforms) = postSolution
		{A8A83E95-AFCE-4412-B0B5-C4F4BE0E0627}.Debug|Any CPU.ActiveCfg = Debug|Any CPU
		{A8A83E95-AFCE-4412-B0B5-C4F4BE0E0627}.Debug|Any CPU.Build.0 = Debug|Any CPU
		{A8A83E95-AFCE-4412-B0B5-C4F4BE0E0627}.Release|Any CPU.ActiveCfg = Release|Any CPU
		{A8A83E95-AFCE-4412-B0B5-C4F4BE0E0627}.Release|Any CPU.Build.0 = Release|Any CPU
		{693F59A0-06A4-46DD-B0D3-F7F01272B7AB}.Debug|Any CPU.ActiveCfg = Debug|Any CPU
		{693F59A0-06A4-46DD-B0D3-F7F01272B7AB}.Debug|Any CPU.Build.0 = Debug|Any CPU
		{693F59A0-06A4-46DD-B0D3-F7F01272B7AB}.Release|Any CPU.ActiveCfg = Release|Any CPU
		{693F59A0-06A4-46DD-B0D3-F7F01272B7AB}.Release|Any CPU.Build.0 = Release|Any CPU
		{22CF3D32-1C6E-4279-9483-DD5E9394DA7D}.Debug|Any CPU.ActiveCfg = Debug|Any CPU
		{22CF3D32-1C6E-4279-9483-DD5E9394DA7D}.Debug|Any CPU.Build.0 = Debug|Any CPU
		{22CF3D32-1C6E-4279-9483-DD5E9394DA7D}.Release|Any CPU.ActiveCfg = Release|Any CPU
		{22CF3D32-1C6E-4279-9483-DD5E9394DA7D}.Release|Any CPU.Build.0 = Release|Any CPU
		{81A1D870-EB28-4198-9435-4A10A5AE0727}.Debug|Any CPU.ActiveCfg = Debug|Any CPU
		{81A1D870-EB28-4198-9435-4A10A5AE0727}.Debug|Any CPU.Build.0 = Debug|Any CPU
		{81A1D870-EB28-4198-9435-4A10A5AE0727}.Release|Any CPU.ActiveCfg = Release|Any CPU
		{81A1D870-EB28-4198-9435-4A10A5AE0727}.Release|Any CPU.Build.0 = Release|Any CPU
		{F5EBFFBD-7226-49C2-9CEE-B28238BF1816}.Debug|Any CPU.ActiveCfg = Debug|Any CPU
		{F5EBFFBD-7226-49C2-9CEE-B28238BF1816}.Debug|Any CPU.Build.0 = Debug|Any CPU
		{F5EBFFBD-7226-49C2-9CEE-B28238BF1816}.Release|Any CPU.ActiveCfg = Release|Any CPU
		{F5EBFFBD-7226-49C2-9CEE-B28238BF1816}.Release|Any CPU.Build.0 = Release|Any CPU
		{A79230AC-EF4E-40B6-A7E9-CA9F22A32826}.Debug|Any CPU.ActiveCfg = Debug|Any CPU
		{A79230AC-EF4E-40B6-A7E9-CA9F22A32826}.Debug|Any CPU.Build.0 = Debug|Any CPU
		{A79230AC-EF4E-40B6-A7E9-CA9F22A32826}.Release|Any CPU.ActiveCfg = Release|Any CPU
		{A79230AC-EF4E-40B6-A7E9-CA9F22A32826}.Release|Any CPU.Build.0 = Release|Any CPU
		{69C25721-F5B7-4E8C-AF2D-C62FCC0287B4}.Debug|Any CPU.ActiveCfg = Debug|Any CPU
		{69C25721-F5B7-4E8C-AF2D-C62FCC0287B4}.Debug|Any CPU.Build.0 = Debug|Any CPU
		{69C25721-F5B7-4E8C-AF2D-C62FCC0287B4}.Release|Any CPU.ActiveCfg = Release|Any CPU
		{69C25721-F5B7-4E8C-AF2D-C62FCC0287B4}.Release|Any CPU.Build.0 = Release|Any CPU
		{F59D436A-164A-403A-88C6-998B08C67EA8}.Debug|Any CPU.ActiveCfg = Debug|Any CPU
		{F59D436A-164A-403A-88C6-998B08C67EA8}.Debug|Any CPU.Build.0 = Debug|Any CPU
		{F59D436A-164A-403A-88C6-998B08C67EA8}.Release|Any CPU.ActiveCfg = Release|Any CPU
		{F59D436A-164A-403A-88C6-998B08C67EA8}.Release|Any CPU.Build.0 = Release|Any CPU
		{2ED60561-07AA-4AB0-8C88-AB35FD88E98E}.Debug|Any CPU.ActiveCfg = Debug|Any CPU
		{2ED60561-07AA-4AB0-8C88-AB35FD88E98E}.Debug|Any CPU.Build.0 = Debug|Any CPU
		{2ED60561-07AA-4AB0-8C88-AB35FD88E98E}.Release|Any CPU.ActiveCfg = Release|Any CPU
		{2ED60561-07AA-4AB0-8C88-AB35FD88E98E}.Release|Any CPU.Build.0 = Release|Any CPU
	EndGlobalSection
	GlobalSection(SolutionProperties) = preSolution
		HideSolutionNode = FALSE
	EndGlobalSection
	GlobalSection(NestedProjects) = preSolution
		{940D5B46-5A93-44BC-A3F1-45C6F9544992} = {150CDE70-1FCB-45D6-828F-1AB1AC161B14}
		{A8A83E95-AFCE-4412-B0B5-C4F4BE0E0627} = {940D5B46-5A93-44BC-A3F1-45C6F9544992}
		{693F59A0-06A4-46DD-B0D3-F7F01272B7AB} = {336ECF3D-0438-4046-89D0-0D775F5E9161}
		{345285EE-1636-4CE6-B4DB-5EBB76589C53} = {150CDE70-1FCB-45D6-828F-1AB1AC161B14}
		{81A1D870-EB28-4198-9435-4A10A5AE0727} = {345285EE-1636-4CE6-B4DB-5EBB76589C53}
		{2830076C-EB9C-4BE2-91A0-448B864F4E04} = {150CDE70-1FCB-45D6-828F-1AB1AC161B14}
		{F5EBFFBD-7226-49C2-9CEE-B28238BF1816} = {2830076C-EB9C-4BE2-91A0-448B864F4E04}
		{0E35708A-DD66-489D-808F-A5A32DE626CD} = {150CDE70-1FCB-45D6-828F-1AB1AC161B14}
		{A79230AC-EF4E-40B6-A7E9-CA9F22A32826} = {0E35708A-DD66-489D-808F-A5A32DE626CD}
		{69C25721-F5B7-4E8C-AF2D-C62FCC0287B4} = {0E35708A-DD66-489D-808F-A5A32DE626CD}
		{F59D436A-164A-403A-88C6-998B08C67EA8} = {0E35708A-DD66-489D-808F-A5A32DE626CD}
		{2ED60561-07AA-4AB0-8C88-AB35FD88E98E} = {0E35708A-DD66-489D-808F-A5A32DE626CD}
	EndGlobalSection
EndGlobal
